
Microsoft Visual Studio Solution File, Format Version 12.00
# Visual Studio Version 17
VisualStudioVersion = 17.1.32319.34
MinimumVisualStudioVersion = 10.0.40219.1
Project("{8BC9CEB8-8B4A-11D0-8D11-00A0C91BC942}") = "gmml", "gmml\gmml.vcxproj", "{EA4B8FCB-6CAD-4B15-BEE2-A1425D34F6A2}"
EndProject
Project("{FAE04EC0-301F-11D3-BF4B-00C04F79EFBC}") = "GmmlPatcher", "GmmlPatcher\GmmlPatcher.csproj", "{9531F7D1-0A27-4D28-9702-4C39DF5B7B14}"
EndProject
Project("{FAE04EC0-301F-11D3-BF4B-00C04F79EFBC}") = "GmmlExampleMod", "GmmlExampleMod\GmmlExampleMod.csproj", "{F500FEC4-06A1-4AFF-A84F-E2E4EFE6497D}"
EndProject
Project("{2150E333-8FDC-42A3-9474-1A3956D46DE8}") = "Solution Items", "Solution Items", "{016B96EC-ECC2-44EC-A420-61B4E8464EAD}"
	ProjectSection(SolutionItems) = preProject
		.editorconfig = .editorconfig
		README.md = README.md
		.gitignore = .gitignore
		LICENSE = LICENSE
	EndProjectSection
EndProject
Project("{FAE04EC0-301F-11D3-BF4B-00C04F79EFBC}") = "GmmlHooker", "GmmlHooker\GmmlHooker.csproj", "{718EEC84-EF03-4ED1-900E-2B5B30EB776D}"
EndProject
Project("{FAE04EC0-301F-11D3-BF4B-00C04F79EFBC}") = "GmmlConfig", "GmmlConfig\GmmlConfig.csproj", "{8C1D12B6-20BD-4B2A-9CED-F83EE95F7A69}"
EndProject
Project("{FAE04EC0-301F-11D3-BF4B-00C04F79EFBC}") = "UndertaleModLib", "UndertaleModTool\UndertaleModLib\UndertaleModLib.csproj", "{3F83079D-9B6F-4897-91BD-BB6106DD4D86}"
EndProject
Global
	GlobalSection(SolutionConfigurationPlatforms) = preSolution
		Release|Any CPU = Release|Any CPU
		Debug|Any CPU = Debug|Any CPU
	EndGlobalSection
	GlobalSection(ProjectConfigurationPlatforms) = postSolution
		{EA4B8FCB-6CAD-4B15-BEE2-A1425D34F6A2}.Release|Any CPU.ActiveCfg = Release|x64
		{EA4B8FCB-6CAD-4B15-BEE2-A1425D34F6A2}.Debug|Any CPU.ActiveCfg = Debug|x64
		{8C1D12B6-20BD-4B2A-9CED-F83EE95F7A69}.Release|Any CPU.ActiveCfg = Release|Any CPU
		{8C1D12B6-20BD-4B2A-9CED-F83EE95F7A69}.Release|Any CPU.Build.0 = Release|Any CPU
		{8C1D12B6-20BD-4B2A-9CED-F83EE95F7A69}.Debug|Any CPU.ActiveCfg = Debug|Any CPU
		{8C1D12B6-20BD-4B2A-9CED-F83EE95F7A69}.Debug|Any CPU.Build.0 = Debug|Any CPU
		{F500FEC4-06A1-4AFF-A84F-E2E4EFE6497D}.Release|Any CPU.ActiveCfg = Release|Any CPU
		{F500FEC4-06A1-4AFF-A84F-E2E4EFE6497D}.Release|Any CPU.Build.0 = Release|Any CPU
		{F500FEC4-06A1-4AFF-A84F-E2E4EFE6497D}.Debug|Any CPU.ActiveCfg = Debug|Any CPU
		{F500FEC4-06A1-4AFF-A84F-E2E4EFE6497D}.Debug|Any CPU.Build.0 = Debug|Any CPU
		{718EEC84-EF03-4ED1-900E-2B5B30EB776D}.Release|Any CPU.ActiveCfg = Release|Any CPU
		{718EEC84-EF03-4ED1-900E-2B5B30EB776D}.Release|Any CPU.Build.0 = Release|Any CPU
		{718EEC84-EF03-4ED1-900E-2B5B30EB776D}.Debug|Any CPU.ActiveCfg = Debug|Any CPU
		{718EEC84-EF03-4ED1-900E-2B5B30EB776D}.Debug|Any CPU.Build.0 = Debug|Any CPU
		{9531F7D1-0A27-4D28-9702-4C39DF5B7B14}.Release|Any CPU.ActiveCfg = Release|Any CPU
		{9531F7D1-0A27-4D28-9702-4C39DF5B7B14}.Release|Any CPU.Build.0 = Release|Any CPU
		{9531F7D1-0A27-4D28-9702-4C39DF5B7B14}.Debug|Any CPU.ActiveCfg = Debug|Any CPU
		{9531F7D1-0A27-4D28-9702-4C39DF5B7B14}.Debug|Any CPU.Build.0 = Debug|Any CPU
		{3F83079D-9B6F-4897-91BD-BB6106DD4D86}.Release|Any CPU.ActiveCfg = Release|Any CPU
		{3F83079D-9B6F-4897-91BD-BB6106DD4D86}.Release|Any CPU.Build.0 = Release|Any CPU
		{3F83079D-9B6F-4897-91BD-BB6106DD4D86}.Debug|Any CPU.ActiveCfg = Debug|Any CPU
		{3F83079D-9B6F-4897-91BD-BB6106DD4D86}.Debug|Any CPU.Build.0 = Debug|Any CPU
	EndGlobalSection
	GlobalSection(SolutionProperties) = preSolution
		HideSolutionNode = FALSE
	EndGlobalSection
	GlobalSection(ExtensibilityGlobals) = postSolution
		SolutionGuid = {45807DFE-52A2-4B2A-9522-9EF0EE6EBDEB}
	EndGlobalSection
EndGlobal
